{
  "name": "formality-sugars",
  "version": "0.1.19",
  "lockfileVersion": 1,
  "requires": true,
  "dependencies": {
    "formality-lang": {
      "version": "0.1.19",
      "resolved": "https://registry.npmjs.org/formality-lang/-/formality-lang-0.1.19.tgz",
      "integrity": "sha512-o6TLuiLXItJwP6NJf1H3PNX/nFYuHJ08XyxH9nBptN/O74bavXV00rWkB4vQCy5usfCb6m+PMUp0OL4K1swOGg=="
    }
  }
}
